// !$*UTF8*$!
{
	archiveVersion = 1;
	classes = {
	};
	objectVersion = 50;
	objects = {

/* Begin PBXBuildFile section */
		2209271123620A3F00DC341F /* AppDelegate.swift in Sources */ = {isa = PBXBuildFile; fileRef = 2209271023620A3F00DC341F /* AppDelegate.swift */; };
		2209271323620A3F00DC341F /* SceneDelegate.swift in Sources */ = {isa = PBXBuildFile; fileRef = 2209271223620A3F00DC341F /* SceneDelegate.swift */; };
		2209271523620A3F00DC341F /* ContentView.swift in Sources */ = {isa = PBXBuildFile; fileRef = 2209271423620A3F00DC341F /* ContentView.swift */; };
		2209271723620A4200DC341F /* Assets.xcassets in Resources */ = {isa = PBXBuildFile; fileRef = 2209271623620A4200DC341F /* Assets.xcassets */; };
		2209271A23620A4200DC341F /* Preview Assets.xcassets in Resources */ = {isa = PBXBuildFile; fileRef = 2209271923620A4200DC341F /* Preview Assets.xcassets */; };
		2209271D23620A4200DC341F /* LaunchScreen.storyboard in Resources */ = {isa = PBXBuildFile; fileRef = 2209271B23620A4200DC341F /* LaunchScreen.storyboard */; };
/* End PBXBuildFile section */

/* Begin PBXFileReference section */
		2209270D23620A3F00DC341F /* breakpoints.app */ = {isa = PBXFileReference; explicitFileType = wrapper.application; includeInIndex = 0; path = breakpoints.app; sourceTree = BUILT_PRODUCTS_DIR; };
		2209271023620A3F00DC341F /* AppDelegate.swift */ = {isa = PBXFileReference; lastKnownFileType = sourcecode.swift; path = AppDelegate.swift; sourceTree = "<group>"; };
		2209271223620A3F00DC341F /* SceneDelegate.swift */ = {isa = PBXFileReference; lastKnownFileType = sourcecode.swift; path = SceneDelegate.swift; sourceTree = "<group>"; };
		2209271423620A3F00DC341F /* ContentView.swift */ = {isa = PBXFileReference; lastKnownFileType = sourcecode.swift; path = ContentView.swift; sourceTree = "<group>"; };
		2209271623620A4200DC341F /* Assets.xcassets */ = {isa = PBXFileReference; lastKnownFileType = folder.assetcatalog; path = Assets.xcassets; sourceTree = "<group>"; };
		2209271923620A4200DC341F /* Preview Assets.xcassets */ = {isa = PBXFileReference; lastKnownFileType = folder.assetcatalog; path = "Preview Assets.xcassets"; sourceTree = "<group>"; };
		2209271C23620A4200DC341F /* Base */ = {isa = PBXFileReference; lastKnownFileType = file.storyboard; name = Base; path = Base.lproj/LaunchScreen.storyboard; sourceTree = "<group>"; };
		2209271E23620A4200DC341F /* Info.plist */ = {isa = PBXFileReference; lastKnownFileType = text.plist.xml; path = Info.plist; sourceTree = "<group>"; };
/* End PBXFileReference section */

/* Begin PBXFrameworksBuildPhase section */
		2209270A23620A3F00DC341F /* Frameworks */ = {
			isa = PBXFrameworksBuildPhase;
			buildActionMask = 2147483647;
			files = (
			);
			runOnlyForDeploymentPostprocessing = 0;
		};
/* End PBXFrameworksBuildPhase section */

/* Begin PBXGroup section */
		2209270423620A3F00DC341F = {
			isa = PBXGroup;
			children = (
				2209270F23620A3F00DC341F /* breakpoints */,
				2209270E23620A3F00DC341F /* Products */,
			);
			sourceTree = "<group>";
		};
		2209270E23620A3F00DC341F /* Products */ = {
			isa = PBXGroup;
			children = (
				2209270D23620A3F00DC341F /* breakpoints.app */,
			);
			name = Products;
			sourceTree = "<group>";
		};
		2209270F23620A3F00DC341F /* breakpoints */ = {
			isa = PBXGroup;
			children = (
				2209271023620A3F00DC341F /* AppDelegate.swift */,
				2209271223620A3F00DC341F /* SceneDelegate.swift */,
				2209271423620A3F00DC341F /* ContentView.swift */,
				2209271623620A4200DC341F /* Assets.xcassets */,
				2209271B23620A4200DC341F /* LaunchScreen.storyboard */,
				2209271E23620A4200DC341F /* Info.plist */,
				2209271823620A4200DC341F /* Preview Content */,
			);
			path = breakpoints;
			sourceTree = "<group>";
		};
		2209271823620A4200DC341F /* Preview Content */ = {
			isa = PBXGroup;
			children = (
				2209271923620A4200DC341F /* Preview Assets.xcassets */,
			);
			path = "Preview Content";
			sourceTree = "<group>";
		};
/* End PBXGroup section */

/* Begin PBXNativeTarget section */
		2209270C23620A3F00DC341F /* breakpoints */ = {
			isa = PBXNativeTarget;
			buildConfigurationList = 2209272123620A4200DC341F /* Build configuration list for PBXNativeTarget "breakpoints" */;
			buildPhases = (
				2209270923620A3F00DC341F /* Sources */,
				2209270A23620A3F00DC341F /* Frameworks */,
				2209270B23620A3F00DC341F /* Resources */,
			);
			buildRules = (
			);
			dependencies = (
			);
			name = breakpoints;
			productName = breakpoints;
			productReference = 2209270D23620A3F00DC341F /* breakpoints.app */;
			productType = "com.apple.product-type.application";
		};
/* End PBXNativeTarget section */

/* Begin PBXProject section */
		2209270523620A3F00DC341F /* Project object */ = {
			isa = PBXProject;
			attributes = {
				LastSwiftUpdateCheck = 1100;
				LastUpgradeCheck = 1100;
				ORGANIZATIONNAME = Winston;
				TargetAttributes = {
					2209270C23620A3F00DC341F = {
						CreatedOnToolsVersion = 11.0;
					};
				};
			};
			buildConfigurationList = 2209270823620A3F00DC341F /* Build configuration list for PBXProject "breakpoints" */;
			compatibilityVersion = "Xcode 9.3";
			developmentRegion = en;
			hasScannedForEncodings = 0;
			knownRegions = (
				en,
				Base,
			);
			mainGroup = 2209270423620A3F00DC341F;
			productRefGroup = 2209270E23620A3F00DC341F /* Products */;
			projectDirPath = "";
			projectRoot = "";
			targets = (
				2209270C23620A3F00DC341F /* breakpoints */,
			);
		};
/* End PBXProject section */

/* Begin PBXResourcesBuildPhase section */
		2209270B23620A3F00DC341F /* Resources */ = {
			isa = PBXResourcesBuildPhase;
			buildActionMask = 2147483647;
			files = (
				2209271D23620A4200DC341F /* LaunchScreen.storyboard in Resources */,
				2209271A23620A4200DC341F /* Preview Assets.xcassets in Resources */,
				2209271723620A4200DC341F /* Assets.xcassets in Resources */,
			);
			runOnlyForDeploymentPostprocessing = 0;
		};
/* End PBXResourcesBuildPhase section */

/* Begin PBXSourcesBuildPhase section */
		2209270923620A3F00DC341F /* Sources */ = {
			isa = PBXSourcesBuildPhase;
			buildActionMask = 2147483647;
			files = (
				2209271123620A3F00DC341F /* AppDelegate.swift in Sources */,
				2209271323620A3F00DC341F /* SceneDelegate.swift in Sources */,
				2209271523620A3F00DC341F /* ContentView.swift in Sources */,
			);
			runOnlyForDeploymentPostprocessing = 0;
		};
/* End PBXSourcesBuildPhase section */

/* Begin PBXVariantGroup section */
		2209271B23620A4200DC341F /* LaunchScreen.storyboard */ = {
			isa = PBXVariantGroup;
			children = (
				2209271C23620A4200DC341F /* Base */,
			);
			name = LaunchScreen.storyboard;
			sourceTree = "<group>";
		};
/* End PBXVariantGroup section */

/* Begin XCBuildConfiguration section */
		2209271F23620A4200DC341F /* Debug */ = {
			isa = XCBuildConfiguration;
			buildSettings = {
				ALWAYS_SEARCH_USER_PATHS = NO;
				CLANG_ANALYZER_NONNULL = YES;
				CLANG_ANALYZER_NUMBER_OBJECT_CONVERSION = YES_AGGRESSIVE;
				CLANG_CXX_LANGUAGE_STANDARD = "gnu++14";
				CLANG_CXX_LIBRARY = "libc++";
				CLANG_ENABLE_MODULES = YES;
				CLANG_ENABLE_OBJC_ARC = YES;
				CLANG_ENABLE_OBJC_WEAK = YES;
				CLANG_WARN_BLOCK_CAPTURE_AUTORELEASING = YES;
				CLANG_WARN_BOOL_CONVERSION = YES;
				CLANG_WARN_COMMA = YES;
				CLANG_WARN_CONSTANT_CONVERSION = YES;
				CLANG_WARN_DEPRECATED_OBJC_IMPLEMENTATIONS = YES;
				CLANG_WARN_DIRECT_OBJC_ISA_USAGE = YES_ERROR;
				CLANG_WARN_DOCUMENTATION_COMMENTS = YES;
				CLANG_WARN_EMPTY_BODY = YES;
				CLANG_WARN_ENUM_CONVERSION = YES;
				CLANG_WARN_INFINITE_RECURSION = YES;
				CLANG_WARN_INT_CONVERSION = YES;
				CLANG_WARN_NON_LITERAL_NULL_CONVERSION = YES;
				CLANG_WARN_OBJC_IMPLICIT_RETAIN_SELF = YES;
				CLANG_WARN_OBJC_LITERAL_CONVERSION = YES;
				CLANG_WARN_OBJC_ROOT_CLASS = YES_ERROR;
				CLANG_WARN_RANGE_LOOP_ANALYSIS = YES;
				CLANG_WARN_STRICT_PROTOTYPES = YES;
				CLANG_WARN_SUSPICIOUS_MOVE = YES;
				CLANG_WARN_UNGUARDED_AVAILABILITY = YES_AGGRESSIVE;
				CLANG_WARN_UNREACHABLE_CODE = YES;
				CLANG_WARN__DUPLICATE_METHOD_MATCH = YES;
				COPY_PHASE_STRIP = NO;
				DEBUG_INFORMATION_FORMAT = dwarf;
				ENABLE_STRICT_OBJC_MSGSEND = YES;
				ENABLE_TESTABILITY = YES;
				GCC_C_LANGUAGE_STANDARD = gnu11;
				GCC_DYNAMIC_NO_PIC = NO;
				GCC_NO_COMMON_BLOCKS = YES;
				GCC_OPTIMIZATION_LEVEL = 0;
				GCC_PREPROCESSOR_DEFINITIONS = (
					"DEBUG=1",
					"$(inherited)",
				);
				GCC_WARN_64_TO_32_BIT_CONVERSION = YES;
				GCC_WARN_ABOUT_RETURN_TYPE = YES_ERROR;
				GCC_WARN_UNDECLARED_SELECTOR = YES;
				GCC_WARN_UNINITIALIZED_AUTOS = YES_AGGRESSIVE;
				GCC_WARN_UNUSED_FUNCTION = YES;
				GCC_WARN_UNUSED_VARIABLE = YES;
				IPHONEOS_DEPLOYMENT_TARGET = 13.0;
				MTL_ENABLE_DEBUG_INFO = INCLUDE_SOURCE;
				MTL_FAST_MATH = YES;
				ONLY_ACTIVE_ARCH = YES;
				SDKROOT = iphoneos;
				SWIFT_ACTIVE_COMPILATION_CONDITIONS = DEBUG;
				SWIFT_OPTIMIZATION_LEVEL = "-Onone";
			};
			name = Debug;
		};
		2209272023620A4200DC341F /* Release */ = {
			isa = XCBuildConfiguration;
			buildSettings = {
				ALWAYS_SEARCH_USER_PATHS = NO;
				CLANG_ANALYZER_NONNULL = YES;
				CLANG_ANALYZER_NUMBER_OBJECT_CONVERSION = YES_AGGRESSIVE;
				CLANG_CXX_LANGUAGE_STANDARD = "gnu++14";
				CLANG_CXX_LIBRARY = "libc++";
				CLANG_ENABLE_MODULES = YES;
				CLANG_ENABLE_OBJC_ARC = YES;
				CLANG_ENABLE_OBJC_WEAK = YES;
				CLANG_WARN_BLOCK_CAPTURE_AUTORELEASING = YES;
				CLANG_WARN_BOOL_CONVERSION = YES;
				CLANG_WARN_COMMA = YES;
				CLANG_WARN_CONSTANT_CONVERSION = YES;
				CLANG_WARN_DEPRECATED_OBJC_IMPLEMENTATIONS = YES;
				CLANG_WARN_DIRECT_OBJC_ISA_USAGE = YES_ERROR;
				CLANG_WARN_DOCUMENTATION_COMMENTS = YES;
				CLANG_WARN_EMPTY_BODY = YES;
				CLANG_WARN_ENUM_CONVERSION = YES;
				CLANG_WARN_INFINITE_RECURSION = YES;
				CLANG_WARN_INT_CONVERSION = YES;
				CLANG_WARN_NON_LITERAL_NULL_CONVERSION = YES;
				CLANG_WARN_OBJC_IMPLICIT_RETAIN_SELF = YES;
				CLANG_WARN_OBJC_LITERAL_CONVERSION = YES;
				CLANG_WARN_OBJC_ROOT_CLASS = YES_ERROR;
				CLANG_WARN_RANGE_LOOP_ANALYSIS = YES;
				CLANG_WARN_STRICT_PROTOTYPES = YES;
				CLANG_WARN_SUSPICIOUS_MOVE = YES;
				CLANG_WARN_UNGUARDED_AVAILABILITY = YES_AGGRESSIVE;
				CLANG_WARN_UNREACHABLE_CODE = YES;
				CLANG_WARN__DUPLICATE_METHOD_MATCH = YES;
				COPY_PHASE_STRIP = NO;
				DEBUG_INFORMATION_FORMAT = "dwarf-with-dsym";
				ENABLE_NS_ASSERTIONS = NO;
				ENABLE_STRICT_OBJC_MSGSEND = YES;
				GCC_C_LANGUAGE_STANDARD = gnu11;
				GCC_NO_COMMON_BLOCKS = YES;
				GCC_WARN_64_TO_32_BIT_CONVERSION = YES;
				GCC_WARN_ABOUT_RETURN_TYPE = YES_ERROR;
				GCC_WARN_UNDECLARED_SELECTOR = YES;
				GCC_WARN_UNINITIALIZED_AUTOS = YES_AGGRESSIVE;
				GCC_WARN_UNUSED_FUNCTION = YES;
				GCC_WARN_UNUSED_VARIABLE = YES;
				IPHONEOS_DEPLOYMENT_TARGET = 13.0;
				MTL_ENABLE_DEBUG_INFO = NO;
				MTL_FAST_MATH = YES;
				SDKROOT = iphoneos;
				SWIFT_COMPILATION_MODE = wholemodule;
				SWIFT_OPTIMIZATION_LEVEL = "-O";
				VALIDATE_PRODUCT = YES;
			};
			name = Release;
		};
		2209272223620A4200DC341F /* Debug */ = {
			isa = XCBuildConfiguration;
			buildSettings = {
				ASSETCATALOG_COMPILER_APPICON_NAME = AppIcon;
				CODE_SIGN_STYLE = Automatic;
				DEVELOPMENT_ASSET_PATHS = "\"breakpoints/Preview Content\"";
				DEVELOPMENT_TEAM = AFEY2F4Y7D;
				ENABLE_PREVIEWS = YES;
				INFOPLIST_FILE = breakpoints/Info.plist;
				LD_RUNPATH_SEARCH_PATHS = (
					"$(inherited)",
					"@executable_path/Frameworks",
				);
				PRODUCT_BUNDLE_IDENTIFIER = com.ios.breakpoints;
				PRODUCT_NAME = "$(TARGET_NAME)";
				SWIFT_VERSION = 5.0;
				TARGETED_DEVICE_FAMILY = "1,2";
			};
			name = Debug;
		};
		2209272323620A4200DC341F /* Release */ = {
			isa = XCBuildConfiguration;
			buildSettings = {
				ASSETCATALOG_COMPILER_APPICON_NAME = AppIcon;
				CODE_SIGN_STYLE = Automatic;
				DEVELOPMENT_ASSET_PATHS = "\"breakpoints/Preview Content\"";
				DEVELOPMENT_TEAM = AFEY2F4Y7D;
				ENABLE_PREVIEWS = YES;
				INFOPLIST_FILE = breakpoints/Info.plist;
				LD_RUNPATH_SEARCH_PATHS = (
					"$(inherited)",
					"@executable_path/Frameworks",
				);
				PRODUCT_BUNDLE_IDENTIFIER = com.ios.breakpoints;
				PRODUCT_NAME = "$(TARGET_NAME)";
				SWIFT_VERSION = 5.0;
				TARGETED_DEVICE_FAMILY = "1,2";
			};
			name = Release;
		};
/* End XCBuildConfiguration section */

/* Begin XCConfigurationList section */
		2209270823620A3F00DC341F /* Build configuration list for PBXProject "breakpoints" */ = {
			isa = XCConfigurationList;
			buildConfigurations = (
				2209271F23620A4200DC341F /* Debug */,
				2209272023620A4200DC341F /* Release */,
			);
			defaultConfigurationIsVisible = 0;
			defaultConfigurationName = Release;
		};
		2209272123620A4200DC341F /* Build configuration list for PBXNativeTarget "breakpoints" */ = {
			isa = XCConfigurationList;
			buildConfigurations = (
				2209272223620A4200DC341F /* Debug */,
				2209272323620A4200DC341F /* Release */,
			);
			defaultConfigurationIsVisible = 0;
			defaultConfigurationName = Release;
		};
/* End XCConfigurationList section */
	};
	rootObject = 2209270523620A3F00DC341F /* Project object */;
}
